
Microsoft Visual Studio Solution File, Format Version 12.00
# Visual Studio Version 16
VisualStudioVersion = 16.0.30717.126
MinimumVisualStudioVersion = 10.0.40219.1
Project("{9092AA53-FB77-4645-B42D-1CCCA6BD08BD}") = "RFT_Webshop", "RFT_Webshop\RFT_Webshop.njsproj", "{9FEEE114-D1EB-4EA9-9B4C-88AA80CC56DB}"
EndProject
Global
	GlobalSection(SolutionConfigurationPlatforms) = preSolution
		Debug|Any CPU = Debug|Any CPU
		Release|Any CPU = Release|Any CPU
	EndGlobalSection
	GlobalSection(ProjectConfigurationPlatforms) = postSolution
		{9FEEE114-D1EB-4EA9-9B4C-88AA80CC56DB}.Debug|Any CPU.ActiveCfg = Debug|Any CPU
		{9FEEE114-D1EB-4EA9-9B4C-88AA80CC56DB}.Debug|Any CPU.Build.0 = Debug|Any CPU
		{9FEEE114-D1EB-4EA9-9B4C-88AA80CC56DB}.Release|Any CPU.ActiveCfg = Release|Any CPU
		{9FEEE114-D1EB-4EA9-9B4C-88AA80CC56DB}.Release|Any CPU.Build.0 = Release|Any CPU
	EndGlobalSection
	GlobalSection(SolutionProperties) = preSolution
		HideSolutionNode = FALSE
	EndGlobalSection
	GlobalSection(ExtensibilityGlobals) = postSolution
		SolutionGuid = {DDC8D83C-2CE4-4EEC-96C2-311EA66DE13E}
	EndGlobalSection
EndGlobal
